
Microsoft Visual Studio Solution File, Format Version 12.00
# Visual Studio Version 16
VisualStudioVersion = 16.0.32929.386
MinimumVisualStudioVersion = 10.0.40219.1
Project("{9A19103F-16F7-4668-BE54-9A1E7A4F7556}") = "Reports1", "Reports1.csproj", "{1121C27E-2B92-4C0A-9A0B-2999D177CAAE}"
EndProject
Global
	GlobalSection(SolutionConfigurationPlatforms) = preSolution
		Debug|Any CPU = Debug|Any CPU
		Release|Any CPU = Release|Any CPU
	EndGlobalSection
	GlobalSection(ProjectConfigurationPlatforms) = postSolution
		{1121C27E-2B92-4C0A-9A0B-2999D177CAAE}.Debug|Any CPU.ActiveCfg = Debug|Any CPU
		{1121C27E-2B92-4C0A-9A0B-2999D177CAAE}.Debug|Any CPU.Build.0 = Debug|Any CPU
		{1121C27E-2B92-4C0A-9A0B-2999D177CAAE}.Release|Any CPU.ActiveCfg = Release|Any CPU
		{1121C27E-2B92-4C0A-9A0B-2999D177CAAE}.Release|Any CPU.Build.0 = Release|Any CPU
	EndGlobalSection
	GlobalSection(SolutionProperties) = preSolution
		HideSolutionNode = FALSE
	EndGlobalSection
	GlobalSection(ExtensibilityGlobals) = postSolution
		SolutionGuid = {24B58443-B63F-4597-A955-FC91147BCCDF}
	EndGlobalSection
EndGlobal
